
Microsoft Visual Studio Solution File, Format Version 12.00
# Visual Studio Version 16
VisualStudioVersion = 16.0.31729.503
MinimumVisualStudioVersion = 10.0.40219.1
Project("{FAE04EC0-301F-11D3-BF4B-00C04F79EFBC}") = "WorkContract", "WorkContract\WorkContract.csproj", "{E503A353-6689-4CF9-9F20-8E7E3E1BA53D}"
EndProject
Global
	GlobalSection(SolutionConfigurationPlatforms) = preSolution
		Debug|Any CPU = Debug|Any CPU
		Release|Any CPU = Release|Any CPU
	EndGlobalSection
	GlobalSection(ProjectConfigurationPlatforms) = postSolution
		{E503A353-6689-4CF9-9F20-8E7E3E1BA53D}.Debug|Any CPU.ActiveCfg = Debug|Any CPU
		{E503A353-6689-4CF9-9F20-8E7E3E1BA53D}.Debug|Any CPU.Build.0 = Debug|Any CPU
		{E503A353-6689-4CF9-9F20-8E7E3E1BA53D}.Release|Any CPU.ActiveCfg = Release|Any CPU
		{E503A353-6689-4CF9-9F20-8E7E3E1BA53D}.Release|Any CPU.Build.0 = Release|Any CPU
	EndGlobalSection
	GlobalSection(SolutionProperties) = preSolution
		HideSolutionNode = FALSE
	EndGlobalSection
	GlobalSection(ExtensibilityGlobals) = postSolution
		SolutionGuid = {87A788F5-7BFD-4724-9AB9-64527340BF20}
	EndGlobalSection
EndGlobal
